{
    "_readme": [
        "This file locks the dependencies of your project to a known state",
        "Read more about it at https://getcomposer.org/doc/01-basic-usage.md#installing-dependencies",
        "This file is @generated automatically"
    ],
    "content-hash": "ea46a59a35caa2a95aa1e481a3546f3b",
    "packages": [
        {
            "name": "illuminate/collections",
            "version": "v11.24.1",
            "source": {
                "type": "git",
                "url": "https://github.com/illuminate/collections.git",
                "reference": "f205537e0ad131a1a87cb3cf04924e9edda4f2b1"
            },
            "dist": {
                "type": "zip",
                "url": "https://api.github.com/repos/illuminate/collections/zipball/f205537e0ad131a1a87cb3cf04924e9edda4f2b1",
                "reference": "f205537e0ad131a1a87cb3cf04924e9edda4f2b1",
                "shasum": ""
            },
            "require": {
                "illuminate/conditionable": "^11.0",
                "illuminate/contracts": "^11.0",
                "illuminate/macroable": "^11.0",
                "php": "^8.2"
            },
            "suggest": {
                "symfony/var-dumper": "Required to use the dump method (^7.0)."
            },
            "type": "library",
            "extra": {
                "branch-alias": {
                    "dev-master": "11.x-dev"
                }
            },
            "autoload": {
                "files": [
                    "helpers.php"
                ],
                "psr-4": {
                    "Illuminate\\Support\\": ""
                }
            },
            "notification-url": "https://packagist.org/downloads/",
            "license": [
                "MIT"
            ],
            "authors": [
                {
                    "name": "Taylor Otwell",
                    "email": "taylor@laravel.com"
                }
            ],
            "description": "The Illuminate Collections package.",
            "homepage": "https://laravel.com",
            "support": {
                "issues": "https://github.com/laravel/framework/issues",
                "source": "https://github.com/laravel/framework"
            },
            "time": "2024-09-16T14:32:15+00:00"
        },
        {
            "name": "illuminate/conditionable",
            "version": "v11.24.1",
            "source": {
                "type": "git",
                "url": "https://github.com/illuminate/conditionable.git",
                "reference": "362dd761b9920367bca1427a902158225e9e3a23"
            },
            "dist": {
                "type": "zip",
                "url": "https://api.github.com/repos/illuminate/conditionable/zipball/362dd761b9920367bca1427a902158225e9e3a23",
                "reference": "362dd761b9920367bca1427a902158225e9e3a23",
                "shasum": ""
            },
            "require": {
                "php": "^8.0.2"
            },
            "type": "library",
            "extra": {
                "branch-alias": {
                    "dev-master": "11.x-dev"
                }
            },
            "autoload": {
                "psr-4": {
                    "Illuminate\\Support\\": ""
                }
            },
            "notification-url": "https://packagist.org/downloads/",
            "license": [
                "MIT"
            ],
            "authors": [
                {
                    "name": "Taylor Otwell",
                    "email": "taylor@laravel.com"
                }
            ],
            "description": "The Illuminate Conditionable package.",
            "homepage": "https://laravel.com",
            "support": {
                "issues": "https://github.com/laravel/framework/issues",
                "source": "https://github.com/laravel/framework"
            },
            "time": "2024-06-28T20:10:30+00:00"
        },
        {
            "name": "illuminate/contracts",
            "version": "v11.24.1",
            "source": {
                "type": "git",
                "url": "https://github.com/illuminate/contracts.git",
                "reference": "56312862af937bd6da8e6dc8bbd88188dfb478f8"
            },
            "dist": {
                "type": "zip",
                "url": "https://api.github.com/repos/illuminate/contracts/zipball/56312862af937bd6da8e6dc8bbd88188dfb478f8",
                "reference": "56312862af937bd6da8e6dc8bbd88188dfb478f8",
                "shasum": ""
            },
            "require": {
                "php": "^8.2",
                "psr/container": "^1.1.1|^2.0.1",
                "psr/simple-cache": "^1.0|^2.0|^3.0"
            },
            "type": "library",
            "extra": {
                "branch-alias": {
                    "dev-master": "11.x-dev"
                }
            },
            "autoload": {
                "psr-4": {
                    "Illuminate\\Contracts\\": ""
                }
            },
            "notification-url": "https://packagist.org/downloads/",
            "license": [
                "MIT"
            ],
            "authors": [
                {
                    "name": "Taylor Otwell",
                    "email": "taylor@laravel.com"
                }
            ],
            "description": "The Illuminate Contracts package.",
            "homepage": "https://laravel.com",
            "support": {
                "issues": "https://github.com/laravel/framework/issues",
                "source": "https://github.com/laravel/framework"
            },
            "time": "2024-09-22T15:08:08+00:00"
        },
        {
            "name": "illuminate/macroable",
            "version": "v11.24.1",
            "source": {
                "type": "git",
                "url": "https://github.com/illuminate/macroable.git",
                "reference": "e1cb9e51b9ed5d3c9bc1ab431d0a52fe42a990ed"
            },
            "dist": {
                "type": "zip",
                "url": "https://api.github.com/repos/illuminate/macroable/zipball/e1cb9e51b9ed5d3c9bc1ab431d0a52fe42a990ed",
                "reference": "e1cb9e51b9ed5d3c9bc1ab431d0a52fe42a990ed",
                "shasum": ""
            },
            "require": {
                "php": "^8.2"
            },
            "type": "library",
            "extra": {
                "branch-alias": {
                    "dev-master": "11.x-dev"
                }
            },
            "autoload": {
                "psr-4": {
                    "Illuminate\\Support\\": ""
                }
            },
            "notification-url": "https://packagist.org/downloads/",
            "license": [
                "MIT"
            ],
            "authors": [
                {
                    "name": "Taylor Otwell",
                    "email": "taylor@laravel.com"
                }
            ],
            "description": "The Illuminate Macroable package.",
            "homepage": "https://laravel.com",
            "support": {
                "issues": "https://github.com/laravel/framework/issues",
                "source": "https://github.com/laravel/framework"
            },
            "time": "2024-06-28T20:10:30+00:00"
        },
        {
            "name": "nategood/httpful",
            "version": "1.0.0",
            "source": {
                "type": "git",
                "url": "https://github.com/nategood/httpful.git",
                "reference": "ea02c8aedef70b9a453ce97978d9d7c413972f15"
            },
            "dist": {
                "type": "zip",
                "url": "https://api.github.com/repos/nategood/httpful/zipball/ea02c8aedef70b9a453ce97978d9d7c413972f15",
                "reference": "ea02c8aedef70b9a453ce97978d9d7c413972f15",
                "shasum": ""
            },
            "require": {
                "ext-curl": "*",
                "php": ">=8.1"
            },
            "require-dev": {
                "phpunit/phpunit": "^10.5"
            },
            "type": "library",
            "autoload": {
                "psr-0": {
                    "Httpful": "src/"
                }
            },
            "notification-url": "https://packagist.org/downloads/",
            "license": [
                "MIT"
            ],
            "authors": [
                {
                    "name": "Nate Good",
                    "email": "me@nategood.com",
                    "homepage": "http://nategood.com"
                }
            ],
            "description": "A Readable, Chainable, REST friendly, PHP HTTP Client",
            "homepage": "http://github.com/nategood/httpful",
            "keywords": [
                "api",
                "curl",
                "http",
                "requests",
                "rest",
                "restful"
            ],
            "support": {
                "issues": "https://github.com/nategood/httpful/issues",
                "source": "https://github.com/nategood/httpful/tree/v1.0.0"
            },
            "time": "2024-05-01T11:33:16+00:00"
        },
        {
            "name": "psr/container",
            "version": "2.0.2",
            "source": {
                "type": "git",
                "url": "https://github.com/php-fig/container.git",
                "reference": "c71ecc56dfe541dbd90c5360474fbc405f8d5963"
            },
            "dist": {
                "type": "zip",
                "url": "https://api.github.com/repos/php-fig/container/zipball/c71ecc56dfe541dbd90c5360474fbc405f8d5963",
                "reference": "c71ecc56dfe541dbd90c5360474fbc405f8d5963",
                "shasum": ""
            },
            "require": {
                "php": ">=7.4.0"
            },
            "type": "library",
            "extra": {
                "branch-alias": {
                    "dev-master": "2.0.x-dev"
                }
            },
            "autoload": {
                "psr-4": {
                    "Psr\\Container\\": "src/"
                }
            },
            "notification-url": "https://packagist.org/downloads/",
            "license": [
                "MIT"
            ],
            "authors": [
                {
                    "name": "PHP-FIG",
                    "homepage": "https://www.php-fig.org/"
                }
            ],
            "description": "Common Container Interface (PHP FIG PSR-11)",
            "homepage": "https://github.com/php-fig/container",
            "keywords": [
                "PSR-11",
                "container",
                "container-interface",
                "container-interop",
                "psr"
            ],
            "support": {
                "issues": "https://github.com/php-fig/container/issues",
                "source": "https://github.com/php-fig/container/tree/2.0.2"
            },
            "time": "2021-11-05T16:47:00+00:00"
        },
        {
            "name": "psr/simple-cache",
            "version": "3.0.0",
            "source": {
                "type": "git",
                "url": "https://github.com/php-fig/simple-cache.git",
                "reference": "764e0b3939f5ca87cb904f570ef9be2d78a07865"
            },
            "dist": {
                "type": "zip",
                "url": "https://api.github.com/repos/php-fig/simple-cache/zipball/764e0b3939f5ca87cb904f570ef9be2d78a07865",
                "reference": "764e0b3939f5ca87cb904f570ef9be2d78a07865",
                "shasum": ""
            },
            "require": {
                "php": ">=8.0.0"
            },
            "type": "library",
            "extra": {
                "branch-alias": {
                    "dev-master": "3.0.x-dev"
                }
            },
            "autoload": {
                "psr-4": {
                    "Psr\\SimpleCache\\": "src/"
                }
            },
            "notification-url": "https://packagist.org/downloads/",
            "license": [
                "MIT"
            ],
            "authors": [
                {
                    "name": "PHP-FIG",
                    "homepage": "https://www.php-fig.org/"
                }
            ],
            "description": "Common interfaces for simple caching",
            "keywords": [
                "cache",
                "caching",
                "psr",
                "psr-16",
                "simple-cache"
            ],
            "support": {
                "source": "https://github.com/php-fig/simple-cache/tree/3.0.0"
            },
            "time": "2021-10-29T13:26:27+00:00"
        },
        {
            "name": "rakit/validation",
            "version": "v1.4.0",
            "source": {
                "type": "git",
                "url": "https://github.com/rakit/validation.git",
                "reference": "ff003a35cdf5030a5f2482299f4c93f344a35b29"
            },
            "dist": {
                "type": "zip",
                "url": "https://api.github.com/repos/rakit/validation/zipball/ff003a35cdf5030a5f2482299f4c93f344a35b29",
                "reference": "ff003a35cdf5030a5f2482299f4c93f344a35b29",
                "shasum": ""
            },
            "require": {
                "ext-mbstring": "*",
                "php": ">=7.0"
            },
            "require-dev": {
                "php-coveralls/php-coveralls": "^2.2",
                "phpunit/phpunit": "^6.5",
                "squizlabs/php_codesniffer": "^3"
            },
            "type": "library",
            "autoload": {
                "psr-4": {
                    "Rakit\\Validation\\": "src"
                }
            },
            "notification-url": "https://packagist.org/downloads/",
            "license": [
                "MIT"
            ],
            "authors": [
                {
                    "name": "Muhammad Syifa",
                    "email": "emsifa@gmail.com"
                }
            ],
            "description": "PHP Laravel like standalone validation library",
            "support": {
                "issues": "https://github.com/rakit/validation/issues",
                "source": "https://github.com/rakit/validation/tree/v1.4.0"
            },
            "time": "2020-08-27T05:07:01+00:00"
        }
    ],
    "packages-dev": [],
    "aliases": [],
    "minimum-stability": "stable",
    "stability-flags": [],
    "prefer-stable": false,
    "prefer-lowest": false,
    "platform": {
        "php": "^8.0"
    },
    "platform-dev": [],
    "plugin-api-version": "2.6.0"
}
